
Microsoft Visual Studio Solution File, Format Version 12.00
# Visual Studio Version 16
VisualStudioVersion = 16.0.30330.147
MinimumVisualStudioVersion = 10.0.40219.1
Project("{9A19103F-16F7-4668-BE54-9A1E7A4F7556}") = "SimpleOS", "SimpleOS\SimpleOS.csproj", "{DC754FAE-A06E-4007-85C4-D088D22E5C18}"
EndProject
Global
	GlobalSection(SolutionConfigurationPlatforms) = preSolution
		Debug|Any CPU = Debug|Any CPU
		Release|Any CPU = Release|Any CPU
	EndGlobalSection
	GlobalSection(ProjectConfigurationPlatforms) = postSolution
		{DC754FAE-A06E-4007-85C4-D088D22E5C18}.Debug|Any CPU.ActiveCfg = Debug|Any CPU
		{DC754FAE-A06E-4007-85C4-D088D22E5C18}.Debug|Any CPU.Build.0 = Debug|Any CPU
		{DC754FAE-A06E-4007-85C4-D088D22E5C18}.Release|Any CPU.ActiveCfg = Release|Any CPU
		{DC754FAE-A06E-4007-85C4-D088D22E5C18}.Release|Any CPU.Build.0 = Release|Any CPU
	EndGlobalSection
	GlobalSection(SolutionProperties) = preSolution
		HideSolutionNode = FALSE
	EndGlobalSection
	GlobalSection(ExtensibilityGlobals) = postSolution
		SolutionGuid = {A235ECE3-5F4E-4A5F-9108-4271C99435DC}
	EndGlobalSection
EndGlobal
